
Microsoft Visual Studio Solution File, Format Version 12.00
# Visual Studio Version 16
VisualStudioVersion = 16.0.30804.86
MinimumVisualStudioVersion = 10.0.40219.1
Project("{FAE04EC0-301F-11D3-BF4B-00C04F79EFBC}") = "MyInventory", "MyInventory.csproj", "{B353848E-BBFE-488E-B3E4-133393FBF90E}"
EndProject
Global
	GlobalSection(SolutionConfigurationPlatforms) = preSolution
		Debug|Any CPU = Debug|Any CPU
		Release|Any CPU = Release|Any CPU
	EndGlobalSection
	GlobalSection(ProjectConfigurationPlatforms) = postSolution
		{B353848E-BBFE-488E-B3E4-133393FBF90E}.Debug|Any CPU.ActiveCfg = Debug|Any CPU
		{B353848E-BBFE-488E-B3E4-133393FBF90E}.Debug|Any CPU.Build.0 = Debug|Any CPU
		{B353848E-BBFE-488E-B3E4-133393FBF90E}.Release|Any CPU.ActiveCfg = Release|Any CPU
		{B353848E-BBFE-488E-B3E4-133393FBF90E}.Release|Any CPU.Build.0 = Release|Any CPU
	EndGlobalSection
	GlobalSection(SolutionProperties) = preSolution
		HideSolutionNode = FALSE
	EndGlobalSection
	GlobalSection(ExtensibilityGlobals) = postSolution
		SolutionGuid = {FE63FC24-5907-4606-B61C-8FFE3C1F996E}
	EndGlobalSection
EndGlobal
