
Microsoft Visual Studio Solution File, Format Version 12.00
# Visual Studio 15
VisualStudioVersion = 15.0.28307.1259
MinimumVisualStudioVersion = 10.0.40219.1
Project("{FAE04EC0-301F-11D3-BF4B-00C04F79EFBC}") = "3_Layer_App_Li", "3_Layer_App_Li\3_Layer_App_Li.csproj", "{F16734B2-73C1-4E64-9347-3CFE848E7923}"
EndProject
Global
	GlobalSection(SolutionConfigurationPlatforms) = preSolution
		Debug|Any CPU = Debug|Any CPU
		Release|Any CPU = Release|Any CPU
	EndGlobalSection
	GlobalSection(ProjectConfigurationPlatforms) = postSolution
		{F16734B2-73C1-4E64-9347-3CFE848E7923}.Debug|Any CPU.ActiveCfg = Debug|Any CPU
		{F16734B2-73C1-4E64-9347-3CFE848E7923}.Debug|Any CPU.Build.0 = Debug|Any CPU
		{F16734B2-73C1-4E64-9347-3CFE848E7923}.Release|Any CPU.ActiveCfg = Release|Any CPU
		{F16734B2-73C1-4E64-9347-3CFE848E7923}.Release|Any CPU.Build.0 = Release|Any CPU
	EndGlobalSection
	GlobalSection(SolutionProperties) = preSolution
		HideSolutionNode = FALSE
	EndGlobalSection
	GlobalSection(ExtensibilityGlobals) = postSolution
		SolutionGuid = {B1456DF5-566B-4A8A-85BE-BCE4F67944ED}
	EndGlobalSection
EndGlobal
